
Microsoft Visual Studio Solution File, Format Version 12.00
# Visual Studio 2012
Project("{FAE04EC0-301F-11D3-BF4B-00C04F79EFBC}") = "OpenTkEngine", "OpenTkEngine\OpenTkEngine.csproj", "{DBAD5CE2-B44A-490A-9259-42DC6CFE7F82}"
EndProject
Project("{FAE04EC0-301F-11D3-BF4B-00C04F79EFBC}") = "Test", "Test\Test.csproj", "{639169F9-EDD3-44DA-8BF1-BFD7F3BFDA27}"
EndProject
Global
	GlobalSection(SolutionConfigurationPlatforms) = preSolution
		Debug|Any CPU = Debug|Any CPU
		Release|Any CPU = Release|Any CPU
	EndGlobalSection
	GlobalSection(ProjectConfigurationPlatforms) = postSolution
		{DBAD5CE2-B44A-490A-9259-42DC6CFE7F82}.Debug|Any CPU.ActiveCfg = Debug|Any CPU
		{DBAD5CE2-B44A-490A-9259-42DC6CFE7F82}.Debug|Any CPU.Build.0 = Debug|Any CPU
		{DBAD5CE2-B44A-490A-9259-42DC6CFE7F82}.Release|Any CPU.ActiveCfg = Release|Any CPU
		{DBAD5CE2-B44A-490A-9259-42DC6CFE7F82}.Release|Any CPU.Build.0 = Release|Any CPU
		{639169F9-EDD3-44DA-8BF1-BFD7F3BFDA27}.Debug|Any CPU.ActiveCfg = Debug|Any CPU
		{639169F9-EDD3-44DA-8BF1-BFD7F3BFDA27}.Debug|Any CPU.Build.0 = Debug|Any CPU
		{639169F9-EDD3-44DA-8BF1-BFD7F3BFDA27}.Release|Any CPU.ActiveCfg = Release|Any CPU
		{639169F9-EDD3-44DA-8BF1-BFD7F3BFDA27}.Release|Any CPU.Build.0 = Release|Any CPU
	EndGlobalSection
	GlobalSection(SolutionProperties) = preSolution
		HideSolutionNode = FALSE
	EndGlobalSection
EndGlobal
